
Microsoft Visual Studio Solution File, Format Version 12.00
# Visual Studio Version 17
VisualStudioVersion = 17.0.32112.339
MinimumVisualStudioVersion = 10.0.40219.1
Project("{FAE04EC0-301F-11D3-BF4B-00C04F79EFBC}") = "CycleDetectionDirectedGraphDFS", "CycleDetectionDirectedGraphDFS\CycleDetectionDirectedGraphDFS.csproj", "{C171F354-6B2B-4CE8-B1F9-B5D4D9C8D737}"
EndProject
Global
	GlobalSection(SolutionConfigurationPlatforms) = preSolution
		Debug|Any CPU = Debug|Any CPU
		Release|Any CPU = Release|Any CPU
	EndGlobalSection
	GlobalSection(ProjectConfigurationPlatforms) = postSolution
		{C171F354-6B2B-4CE8-B1F9-B5D4D9C8D737}.Debug|Any CPU.ActiveCfg = Debug|Any CPU
		{C171F354-6B2B-4CE8-B1F9-B5D4D9C8D737}.Debug|Any CPU.Build.0 = Debug|Any CPU
		{C171F354-6B2B-4CE8-B1F9-B5D4D9C8D737}.Release|Any CPU.ActiveCfg = Release|Any CPU
		{C171F354-6B2B-4CE8-B1F9-B5D4D9C8D737}.Release|Any CPU.Build.0 = Release|Any CPU
	EndGlobalSection
	GlobalSection(SolutionProperties) = preSolution
		HideSolutionNode = FALSE
	EndGlobalSection
	GlobalSection(ExtensibilityGlobals) = postSolution
		SolutionGuid = {4D560817-14DE-4166-AA69-7C67601E3955}
	EndGlobalSection
EndGlobal
